
Microsoft Visual Studio Solution File, Format Version 12.00
# Visual Studio Version 17
VisualStudioVersion = 17.2.32630.192
MinimumVisualStudioVersion = 10.0.40219.1
Project("{FAE04EC0-301F-11D3-BF4B-00C04F79EFBC}") = "ConceptsPOO", "ConceptsPOO\ConceptsPOO.csproj", "{A468148C-1AEB-4A7A-BB47-A73F47EC2437}"
EndProject
Global
	GlobalSection(SolutionConfigurationPlatforms) = preSolution
		Debug|Any CPU = Debug|Any CPU
		Release|Any CPU = Release|Any CPU
	EndGlobalSection
	GlobalSection(ProjectConfigurationPlatforms) = postSolution
		{A468148C-1AEB-4A7A-BB47-A73F47EC2437}.Debug|Any CPU.ActiveCfg = Debug|Any CPU
		{A468148C-1AEB-4A7A-BB47-A73F47EC2437}.Debug|Any CPU.Build.0 = Debug|Any CPU
		{A468148C-1AEB-4A7A-BB47-A73F47EC2437}.Release|Any CPU.ActiveCfg = Release|Any CPU
		{A468148C-1AEB-4A7A-BB47-A73F47EC2437}.Release|Any CPU.Build.0 = Release|Any CPU
	EndGlobalSection
	GlobalSection(SolutionProperties) = preSolution
		HideSolutionNode = FALSE
	EndGlobalSection
	GlobalSection(ExtensibilityGlobals) = postSolution
		SolutionGuid = {A09AC2A1-B2C5-422B-B323-3EFCA5170C30}
	EndGlobalSection
EndGlobal
